lockfileVersion: '6.0'

settings:
  autoInstallPeers: true
  excludeLinksFromLockfile: false

importers:

  .: {}

  packages/imodel-subject-transformer:
    dependencies:
      '@itwin/core-backend':
        specifier: ^5.9.2
        version: 5.9.2(@itwin/core-bentley@5.9.2)(@itwin/core-common@5.9.2)(@itwin/core-geometry@5.9.2)(@itwin/ecschema-metadata@5.9.2)
      '@itwin/core-bentley':
        specifier: ^5.9.2
        version: 5.9.2
      '@itwin/core-common':
        specifier: ^5.9.2
        version: 5.9.2(@itwin/core-bentley@5.9.2)(@itwin/core-geometry@5.9.2)
      cli-progress:
        specifier: ^3.12.0
        version: 3.12.0
      yargs:
        specifier: ^18.0.0
        version: 18.0.0
    devDependencies:
      '@types/cli-progress':
        specifier: ^3.11.6
        version: 3.11.6
      '@types/node':
        specifier: ^25.7.0
        version: 25.7.0
      '@types/yargs':
        specifier: ^17.0.35
        version: 17.0.35
      typescript:
        specifier: ^6.0.3
        version: 6.0.3

  packages/snapshot-subject-generator:
    dependencies:
      '@itwin/core-backend':
        specifier: ^5.9.2
        version: 5.9.2(@itwin/core-bentley@5.9.2)(@itwin/core-common@5.9.2)(@itwin/core-geometry@5.9.2)(@itwin/ecschema-metadata@5.9.2)
      '@itwin/core-bentley':
        specifier: ^5.9.2
        version: 5.9.2
      '@itwin/core-common':
        specifier: ^5.9.2
        version: 5.9.2(@itwin/core-bentley@5.9.2)(@itwin/core-geometry@5.9.2)
      cli-progress:
        specifier: ^3.12.0
        version: 3.12.0
      yargs:
        specifier: ^18.0.0
        version: 18.0.0
    devDependencies:
      '@types/cli-progress':
        specifier: ^3.11.6
        version: 3.11.6
      '@types/node':
        specifier: ^25.7.0
        version: 25.7.0
      '@types/yargs':
        specifier: ^17.0.35
        version: 17.0.35
      typescript:
        specifier: ^6.0.3
        version: 6.0.3

packages:

  /@azure/abort-controller@2.1.2:
    resolution: {integrity: sha512-nBrLsEWm4J2u5LpAPjxADTlq3trDgVZZXHNKabeXZtpq3d3AbN/KGO82R87rdDz5/lYB024rtEf10/q0urNgsA==}
    engines: {node: '>=18.0.0'}
    dependencies:
      tslib: 2.8.1
    dev: false

  /@azure/core-auth@1.10.1:
    resolution: {integrity: sha512-ykRMW8PjVAn+RS6ww5cmK9U2CyH9p4Q88YJwvUslfuMmN98w/2rdGRLPqJYObapBCdzBVeDgYWdJnFPFb7qzpg==}
    engines: {node: '>=20.0.0'}
    dependencies:
      '@azure/abort-controller': 2.1.2
      '@azure/core-util': 1.13.1
      tslib: 2.8.1
    transitivePeerDependencies:
      - supports-color
    dev: false

  /@azure/core-client@1.10.1:
    resolution: {integrity: sha512-Nh5PhEOeY6PrnxNPsEHRr9eimxLwgLlpmguQaHKBinFYA/RU9+kOYVOQqOrTsCL+KSxrLLl1gD8Dk5BFW/7l/w==}
    engines: {node: '>=20.0.0'}
    dependencies:
      '@azure/abort-controller': 2.1.2
      '@azure/core-auth': 1.10.1
      '@azure/core-rest-pipeline': 1.23.0
      '@azure/core-tracing': 1.3.1
      '@azure/core-util': 1.13.1
      '@azure/logger': 1.3.0
      tslib: 2.8.1
    transitivePeerDependencies:
      - supports-color
    dev: false

  /@azure/core-http-compat@2.4.0(@azure/core-client@1.10.1)(@azure/core-rest-pipeline@1.23.0):
    resolution: {integrity: sha512-f1P96IB399YiN2ARYHP7EpZi3Bf3wH4SN2lGzrw7JVwm7bbsVYtf2iKSBwTywD2P62NOPZGHFSZi+6jjb75JuA==}
    engines: {node: '>=20.0.0'}
    peerDependencies:
      '@azure/core-client': ^1.10.0
      '@azure/core-rest-pipeline': ^1.22.0
    dependencies:
      '@azure/abort-controller': 2.1.2
      '@azure/core-client': 1.10.1
      '@azure/core-rest-pipeline': 1.23.0
    dev: false

  /@azure/core-lro@2.7.2:
    resolution: {integrity: sha512-0YIpccoX8m/k00O7mDDMdJpbr6mf1yWo2dfmxt5A8XVZVVMz2SSKaEbMCeJRvgQ0IaSlqhjT47p4hVIRRy90xw==}
    engines: {node: '>=18.0.0'}
    dependencies:
      '@azure/abort-controller': 2.1.2
      '@azure/core-util': 1.13.1
      '@azure/logger': 1.3.0
      tslib: 2.8.1
    transitivePeerDependencies:
      - supports-color
    dev: false

  /@azure/core-paging@1.6.2:
    resolution: {integrity: sha512-YKWi9YuCU04B55h25cnOYZHxXYtEvQEbKST5vqRga7hWY9ydd3FZHdeQF8pyh+acWZvppw13M/LMGx0LABUVMA==}
    engines: {node: '>=18.0.0'}
    dependencies:
      tslib: 2.8.1
    dev: false

  /@azure/core-rest-pipeline@1.23.0:
    resolution: {integrity: sha512-Evs1INHo+jUjwHi1T6SG6Ua/LHOQBCLuKEEE6efIpt4ZOoNonaT1kP32GoOcdNDbfqsD2445CPri3MubBy5DEQ==}
    engines: {node: '>=20.0.0'}
    dependencies:
      '@azure/abort-controller': 2.1.2
      '@azure/core-auth': 1.10.1
      '@azure/core-tracing': 1.3.1
      '@azure/core-util': 1.13.1
      '@azure/logger': 1.3.0
      '@typespec/ts-http-runtime': 0.3.5
      tslib: 2.8.1
    transitivePeerDependencies:
      - supports-color
    dev: false

  /@azure/core-tracing@1.3.1:
    resolution: {integrity: sha512-9MWKevR7Hz8kNzzPLfX4EAtGM2b8mr50HPDBvio96bURP/9C+HjdH3sBlLSNNrvRAr5/k/svoH457gB5IKpmwQ==}
    engines: {node: '>=20.0.0'}
    dependencies:
      tslib: 2.8.1
    dev: false

  /@azure/core-util@1.13.1:
    resolution: {integrity: sha512-XPArKLzsvl0Hf0CaGyKHUyVgF7oDnhKoP85Xv6M4StF/1AhfORhZudHtOyf2s+FcbuQ9dPRAjB8J2KvRRMUK2A==}
    engines: {node: '>=20.0.0'}
    dependencies:
      '@azure/abort-controller': 2.1.2
      '@typespec/ts-http-runtime': 0.3.5
      tslib: 2.8.1
    transitivePeerDependencies:
      - supports-color
    dev: false

  /@azure/core-xml@1.5.1:
    resolution: {integrity: sha512-xcNRHqCoSp4AunOALEae6A8f3qATb83gSrm31Iqb01OzblvC3/W/bfXozcq78EzIdzZzuH1bZ2NvRR0TdX709w==}
    engines: {node: '>=20.0.0'}
    dependencies:
      fast-xml-parser: 5.8.0
      tslib: 2.8.1
    dev: false

  /@azure/logger@1.3.0:
    resolution: {integrity: sha512-fCqPIfOcLE+CGqGPd66c8bZpwAji98tZ4JI9i/mlTNTlsIWslCfpg48s/ypyLxZTump5sypjrKn2/kY7q8oAbA==}
    engines: {node: '>=20.0.0'}
    dependencies:
      '@typespec/ts-http-runtime': 0.3.5
      tslib: 2.8.1
    transitivePeerDependencies:
      - supports-color
    dev: false

  /@azure/storage-blob@12.31.0:
    resolution: {integrity: sha512-DBgNv10aCSxopt92DkTDD0o9xScXeBqPKGmR50FPZQaEcH4JLQ+GEOGEDv19V5BMkB7kxr+m4h6il/cCDPvmHg==}
    engines: {node: '>=20.0.0'}
    dependencies:
      '@azure/abort-controller': 2.1.2
      '@azure/core-auth': 1.10.1
      '@azure/core-client': 1.10.1
      '@azure/core-http-compat': 2.4.0(@azure/core-client@1.10.1)(@azure/core-rest-pipeline@1.23.0)
      '@azure/core-lro': 2.7.2
      '@azure/core-paging': 1.6.2
      '@azure/core-rest-pipeline': 1.23.0
      '@azure/core-tracing': 1.3.1
      '@azure/core-util': 1.13.1
      '@azure/core-xml': 1.5.1
      '@azure/logger': 1.3.0
      '@azure/storage-common': 12.3.0(@azure/core-client@1.10.1)
      events: 3.3.0
      tslib: 2.8.1
    transitivePeerDependencies:
      - supports-color
    dev: false

  /@azure/storage-common@12.3.0(@azure/core-client@1.10.1):
    resolution: {integrity: sha512-/OFHhy86aG5Pe8dP5tsp+BuJ25JOAl9yaMU3WZbkeoiFMHFtJ7tu5ili7qEdBXNW9G5lDB19trwyI6V49F/8iQ==}
    engines: {node: '>=20.0.0'}
    dependencies:
      '@azure/abort-controller': 2.1.2
      '@azure/core-auth': 1.10.1
      '@azure/core-http-compat': 2.4.0(@azure/core-client@1.10.1)(@azure/core-rest-pipeline@1.23.0)
      '@azure/core-rest-pipeline': 1.23.0
      '@azure/core-tracing': 1.3.1
      '@azure/core-util': 1.13.1
      '@azure/logger': 1.3.0
      events: 3.3.0
      tslib: 2.8.1
    transitivePeerDependencies:
      - '@azure/core-client'
      - supports-color
    dev: false

  /@bentley/imodeljs-native@5.9.17:
    resolution: {integrity: sha512-fTMCfoIJ+dPrY/nMq2u6ngVO027lUCOISSqeGjXOnu5kX+7ggU/Se2cB+eByrwLXyXenQ2cbUXCOo8CBWV/PoA==}
    requiresBuild: true
    dev: false

  /@itwin/cloud-agnostic-core@3.0.5:
    resolution: {integrity: sha512-REiRF1z1sVcMiwib2vcaOYxR527C9KJsEoX1AIRC0tA16fqCYnGoNM5Fn376UD6fEQOtyJvXxXgBBCS0qMmfeg==}
    peerDependencies:
      inversify: ^7.5.2
      reflect-metadata: ^0.2.2
    peerDependenciesMeta:
      inversify:
        optional: true
      reflect-metadata:
        optional: true
    dev: false

  /@itwin/core-backend@5.9.2(@itwin/core-bentley@5.9.2)(@itwin/core-common@5.9.2)(@itwin/core-geometry@5.9.2)(@itwin/ecschema-metadata@5.9.2):
    resolution: {integrity: sha512-u5iO3yrWN+SLF11yJwvXNbXDGy8pGH8zdbAfbavxlgQGet1/vOlz7pcQVv7o8ISfcVh4crIW+5hCaWCRm0r1MQ==}
    engines: {node: ^20.0.0 || ^22.0.0 || ^24.0.0}
    peerDependencies:
      '@itwin/core-bentley': 5.9.2
      '@itwin/core-common': 5.9.2
      '@itwin/core-geometry': 5.9.2
      '@itwin/ecschema-metadata': 5.9.2
      '@opentelemetry/api': ^1.0.4
    peerDependenciesMeta:
      '@opentelemetry/api':
        optional: true
    dependencies:
      '@azure/storage-blob': 12.31.0
      '@bentley/imodeljs-native': 5.9.17
      '@itwin/core-bentley': 5.9.2
      '@itwin/core-common': 5.9.2(@itwin/core-bentley@5.9.2)(@itwin/core-geometry@5.9.2)
      '@itwin/core-geometry': 5.9.2
      '@itwin/ecschema-metadata': 5.9.2(@itwin/core-bentley@5.9.2)(@itwin/core-quantity@5.9.2)
      '@itwin/object-storage-azure': 3.0.5
      form-data: 4.0.5
      fs-extra: 8.1.0
      json5: 2.2.3
      linebreak: 1.1.0
      multiparty: 4.3.0
      semver: 7.8.0
      touch: 3.1.1
      ws: 7.5.10
    transitivePeerDependencies:
      - bufferutil
      - debug
      - inversify
      - reflect-metadata
      - supports-color
      - utf-8-validate
    dev: false

  /@itwin/core-bentley@5.9.2:
    resolution: {integrity: sha512-2zBnDXnohuelcdyo9YhVk4dsCvKbvdB2OILcMImjJoVb+M3x6bNx8COZVOVS/rDtBnBOWxPSjm4l/cbi3TA3jQ==}
    dev: false

  /@itwin/core-common@5.9.2(@itwin/core-bentley@5.9.2)(@itwin/core-geometry@5.9.2):
    resolution: {integrity: sha512-lYpn1BQMBYZI3XOWbzVWY7s/V+hAx0ob23qKJMqp/jArF7EUkMg7gL4BmW68XS7V3V3Xo1KAzvgg+eZvHfV17A==}
    peerDependencies:
      '@itwin/core-bentley': 5.9.2
      '@itwin/core-geometry': 5.9.2
    dependencies:
      '@itwin/core-bentley': 5.9.2
      '@itwin/core-geometry': 5.9.2
      flatbuffers: 1.12.0
      js-base64: 3.7.8
    dev: false

  /@itwin/core-geometry@5.9.2:
    resolution: {integrity: sha512-n6tP3Bzi1qrmBfvAv2MqfXgoKOftBC258w+5z+WfMJGfGeHl5z3kpwns38GwXzunaWtK4DZgdBuF6CrnI4ucQQ==}
    dependencies:
      '@itwin/core-bentley': 5.9.2
      flatbuffers: 1.12.0
    dev: false

  /@itwin/core-quantity@5.9.2(@itwin/core-bentley@5.9.2):
    resolution: {integrity: sha512-RGQxpySwQp/GZQ0bEo6+tiT6y+9/MBD0zQLuFPgQUJq0FiWYDKgkxlSF7VUeqHaisFMcJF18eo90hwBRZmKY0A==}
    peerDependencies:
      '@itwin/core-bentley': 5.9.2
    dependencies:
      '@itwin/core-bentley': 5.9.2
    dev: false

  /@itwin/ecschema-metadata@5.9.2(@itwin/core-bentley@5.9.2)(@itwin/core-quantity@5.9.2):
    resolution: {integrity: sha512-CaEZqgwWTv223V7pKRhztuNw24VxRufbThGFZQK4Alb+PCt9Jz0T8G73cnhZb0LcQ6fP+EGI8uBYBfr+3BuDsw==}
    peerDependencies:
      '@itwin/core-bentley': 5.9.2
      '@itwin/core-quantity': 5.9.2
    dependencies:
      '@itwin/core-bentley': 5.9.2
      '@itwin/core-quantity': 5.9.2(@itwin/core-bentley@5.9.2)
    dev: false

  /@itwin/object-storage-azure@3.0.5:
    resolution: {integrity: sha512-PSVYU+2ML89qeH11/X01wy8GQiIOhsOR+WpO4paUV3/fkGkcL5Z/hS00U48y21hcRlpvd3k1OLDUWBAVN0soHA==}
    peerDependencies:
      inversify: ^7.5.2
      reflect-metadata: ^0.2.2
    peerDependenciesMeta:
      inversify:
        optional: true
      reflect-metadata:
        optional: true
    dependencies:
      '@azure/core-paging': 1.6.2
      '@azure/storage-blob': 12.31.0
      '@itwin/cloud-agnostic-core': 3.0.5
      '@itwin/object-storage-core': 3.0.5
    transitivePeerDependencies:
      - debug
      - supports-color
    dev: false

  /@itwin/object-storage-core@3.0.5:
    resolution: {integrity: sha512-T6WKGQ0PM3H4hjpIepLuI1nTeFyTVUjOvZE0emJqhMZGyulQ+5zpwuT9SMSfJXOWSY7pQ+s2Sbdc1ykVvo+MOg==}
    peerDependencies:
      inversify: ^7.5.2
      reflect-metadata: ^0.2.2
    peerDependenciesMeta:
      inversify:
        optional: true
      reflect-metadata:
        optional: true
    dependencies:
      '@itwin/cloud-agnostic-core': 3.0.5
      axios: 1.16.1
    transitivePeerDependencies:
      - debug
      - supports-color
    dev: false

  /@nodable/entities@2.1.0:
    resolution: {integrity: sha512-nyT7T3nbMyBI/lvr6L5TyWbFJAI9FTgVRakNoBqCD+PmID8DzFrrNdLLtHMwMszOtqZa8PAOV24ZqDnQrhQINA==}
    dev: false

  /@types/cli-progress@3.11.6:
    resolution: {integrity: sha512-cE3+jb9WRlu+uOSAugewNpITJDt1VF8dHOopPO4IABFc3SXYL5WE/+PTz/FCdZRRfIujiWW3n3aMbv1eIGVRWA==}
    dependencies:
      '@types/node': 25.7.0
    dev: true

  /@types/node@25.7.0:
    resolution: {integrity: sha512-z+pdZyxE+RTQE9AcboAZCb4otwcrvgHD+GlBpPgn0emDVt0ohrTMhAwlr2Wd9nZ+nihhYFxO2pThz3C5qSu2Eg==}
    dependencies:
      undici-types: 7.21.0
    dev: true

  /@types/yargs-parser@21.0.3:
    resolution: {integrity: sha512-I4q9QU9MQv4oEOz4tAHJtNz1cwuLxn2F3xcc2iV5WdqLPpUnj30aUuxt1mAxYTG+oe8CZMV/+6rU4S4gRDzqtQ==}
    dev: true

  /@types/yargs@17.0.35:
    resolution: {integrity: sha512-qUHkeCyQFxMXg79wQfTtfndEC+N9ZZg76HJftDJp+qH2tV7Gj4OJi7l+PiWwJ+pWtW8GwSmqsDj/oymhrTWXjg==}
    dependencies:
      '@types/yargs-parser': 21.0.3
    dev: true

  /@typespec/ts-http-runtime@0.3.5:
    resolution: {integrity: sha512-yURCknZhvywvQItHMMmFSo+fq5arCUIyz/CVk7jD89MSai7dkaX8ufjCWp3NttLojoTVbcE72ri+be/TnEbMHw==}
    engines: {node: '>=20.0.0'}
    dependencies:
      http-proxy-agent: 7.0.2
      https-proxy-agent: 7.0.6
      tslib: 2.8.1
    transitivePeerDependencies:
      - supports-color
    dev: false

  /agent-base@6.0.2:
    resolution: {integrity: sha512-RZNwNclF7+MS/8bDg70amg32dyeZGZxiDuQmZxKLAlQjr3jGyLx+4Kkk58UO7D2QdgFIQCovuSuZESne6RG6XQ==}
    engines: {node: '>= 6.0.0'}
    dependencies:
      debug: 4.4.3
    transitivePeerDependencies:
      - supports-color
    dev: false

  /agent-base@7.1.4:
    resolution: {integrity: sha512-MnA+YT8fwfJPgBx3m60MNqakm30XOkyIoH1y6huTQvC0PwZG7ki8NacLBcrPbNoo8vEZy7Jpuk7+jMO+CUovTQ==}
    engines: {node: '>= 14'}
    dev: false

  /ansi-regex@5.0.1:
    resolution: {integrity: sha512-quJQXlTSUGL2LH9SUXo8VwsY4soanhgo6LNSm84E1LBcE8s3O0wpdiRzyR9z/ZZJMlMWv37qOOb9pdJlMUEKFQ==}
    engines: {node: '>=8'}
    dev: false

  /ansi-regex@6.2.2:
    resolution: {integrity: sha512-Bq3SmSpyFHaWjPk8If9yc6svM8c56dB5BAtW4Qbw5jHTwwXXcTLoRMkpDJp6VL0XzlWaCHTXrkFURMYmD0sLqg==}
    engines: {node: '>=12'}
    dev: false

  /ansi-styles@6.2.3:
    resolution: {integrity: sha512-4Dj6M28JB+oAH8kFkTLUo+a2jwOFkuqb3yucU0CANcRRUbxS0cP0nZYCGjcc3BNXwRIsUVmDGgzawme7zvJHvg==}
    engines: {node: '>=12'}
    dev: false

  /asynckit@0.4.0:
    resolution: {integrity: sha512-Oei9OH4tRh0YqU3GxhX79dM/mwVgvbZJaSNaRk+bshkj0S5cfHcgYakreBjrHwatXKbz+IoIdYLxrKim2MjW0Q==}
    dev: false

  /axios@1.16.1:
    resolution: {integrity: sha512-caYkukvroVPO8KrzuJEb50Hm07KwfBZPEC3VeFHTsqWHvKTsy54hjJz9BS/cdaypROE2rH6xvm9mHX4fgWkr3A==}
    dependencies:
      follow-redirects: 1.16.0
      form-data: 4.0.5
      https-proxy-agent: 5.0.1
      proxy-from-env: 2.1.0
    transitivePeerDependencies:
      - debug
      - supports-color
    dev: false

  /base64-js@0.0.8:
    resolution: {integrity: sha512-3XSA2cR/h/73EzlXXdU6YNycmYI7+kicTxks4eJg2g39biHR84slg2+des+p7iHYhbRg/udIS4TD53WabcOUkw==}
    engines: {node: '>= 0.4'}
    dev: false

  /call-bind-apply-helpers@1.0.2:
    resolution: {integrity: sha512-Sp1ablJ0ivDkSzjcaJdxEunN5/XvksFJ2sMBFfq6x0ryhQV/2b/KwFe21cMpmHtPOSij8K99/wSfoEuTObmuMQ==}
    engines: {node: '>= 0.4'}
    dependencies:
      es-errors: 1.3.0
      function-bind: 1.1.2
    dev: false

  /cli-progress@3.12.0:
    resolution: {integrity: sha512-tRkV3HJ1ASwm19THiiLIXLO7Im7wlTuKnvkYaTkyoAPefqjNg7W7DHKUlGRxy9vxDvbyCYQkQozvptuMkGCg8A==}
    engines: {node: '>=4'}
    dependencies:
      string-width: 4.2.3
    dev: false

  /cliui@9.0.1:
    resolution: {integrity: sha512-k7ndgKhwoQveBL+/1tqGJYNz097I7WOvwbmmU2AR5+magtbjPWQTS1C5vzGkBC8Ym8UWRzfKUzUUqFLypY4Q+w==}
    engines: {node: '>=20'}
    dependencies:
      string-width: 7.2.0
      strip-ansi: 7.2.0
      wrap-ansi: 9.0.2
    dev: false

  /combined-stream@1.0.8:
    resolution: {integrity: sha512-FQN4MRfuJeHf7cBbBMJFXhKSDq+2kAArBlmRBvcvFE5BB1HZKXtSFASDhdlz9zOYwxh8lDdnvmMOe/+5cdoEdg==}
    engines: {node: '>= 0.8'}
    dependencies:
      delayed-stream: 1.0.0
    dev: false

  /debug@4.4.3:
    resolution: {integrity: sha512-RGwwWnwQvkVfavKVt22FGLw+xYSdzARwm0ru6DhTVA3umU5hZc28V3kO4stgYryrTlLpuvgI9GiijltAjNbcqA==}
    engines: {node: '>=6.0'}
    peerDependencies:
      supports-color: '*'
    peerDependenciesMeta:
      supports-color:
        optional: true
    dependencies:
      ms: 2.1.3
    dev: false

  /delayed-stream@1.0.0:
    resolution: {integrity: sha512-ZySD7Nf91aLB0RxL4KGrKHBXl7Eds1DAmEdcoVawXnLD7SDhpNgtuII2aAkg7a7QS41jxPSZ17p4VdGnMHk3MQ==}
    engines: {node: '>=0.4.0'}
    dev: false

  /depd@2.0.0:
    resolution: {integrity: sha512-g7nH6P6dyDioJogAAGprGpCtVImJhpPk/roCzdb3fIh61/s/nPsfR6onyMwkCAR/OlC3yBC0lESvUoQEAssIrw==}
    engines: {node: '>= 0.8'}
    dev: false

  /dunder-proto@1.0.1:
    resolution: {integrity: sha512-KIN/nDJBQRcXw0MLVhZE9iQHmG68qAVIBg9CqmUYjmQIhgij9U5MFvrqkUL5FbtyyzZuOeOt0zdeRe4UY7ct+A==}
    engines: {node: '>= 0.4'}
    dependencies:
      call-bind-apply-helpers: 1.0.2
      es-errors: 1.3.0
      gopd: 1.2.0
    dev: false

  /emoji-regex@10.6.0:
    resolution: {integrity: sha512-toUI84YS5YmxW219erniWD0CIVOo46xGKColeNQRgOzDorgBi1v4D71/OFzgD9GO2UGKIv1C3Sp8DAn0+j5w7A==}
    dev: false

  /emoji-regex@8.0.0:
    resolution: {integrity: sha512-MSjYzcWNOA0ewAHpz0MxpYFvwg6yjy1NG3xteoqz644VCo/RPgnr1/GGt+ic3iJTzQ8Eu3TdM14SawnVUmGE6A==}
    dev: false

  /es-define-property@1.0.1:
    resolution: {integrity: sha512-e3nRfgfUZ4rNGL232gUgX06QNyyez04KdjFrF+LTRoOXmrOgFKDg4BCdsjW8EnT69eqdYGmRpJwiPVYNrCaW3g==}
    engines: {node: '>= 0.4'}
    dev: false

  /es-errors@1.3.0:
    resolution: {integrity: sha512-Zf5H2Kxt2xjTvbJvP2ZWLEICxA6j+hAmMzIlypy4xcBg1vKVnx89Wy0GbS+kf5cwCVFFzdCFh2XSCFNULS6csw==}
    engines: {node: '>= 0.4'}
    dev: false

  /es-object-atoms@1.1.1:
    resolution: {integrity: sha512-FGgH2h8zKNim9ljj7dankFPcICIK9Cp5bm+c2gQSYePhpaG5+esrLODihIorn+Pe6FGJzWhXQotPv73jTaldXA==}
    engines: {node: '>= 0.4'}
    dependencies:
      es-errors: 1.3.0
    dev: false

  /es-set-tostringtag@2.1.0:
    resolution: {integrity: sha512-j6vWzfrGVfyXxge+O0x5sh6cvxAog0a/4Rdd2K36zCMV5eJ+/+tOAngRO8cODMNWbVRdVlmGZQL2YS3yR8bIUA==}
    engines: {node: '>= 0.4'}
    dependencies:
      es-errors: 1.3.0
      get-intrinsic: 1.3.0
      has-tostringtag: 1.0.2
      hasown: 2.0.3
    dev: false

  /escalade@3.2.0:
    resolution: {integrity: sha512-WUj2qlxaQtO4g6Pq5c29GTcWGDyd8itL8zTlipgECz3JesAiiOKotd8JU6otB3PACgG6xkJUyVhboMS+bje/jA==}
    engines: {node: '>=6'}
    dev: false

  /events@3.3.0:
    resolution: {integrity: sha512-mQw+2fkQbALzQ7V0MY0IqdnXNOeTtP4r0lN9z7AAawCXgqea7bDii20AYrIBrFd/Hx0M2Ocz6S111CaFkUcb0Q==}
    engines: {node: '>=0.8.x'}
    dev: false

  /fast-xml-builder@1.2.0:
    resolution: {integrity: sha512-00aAWieqff+ZJhsXA4g1g7M8k+7AYoMUUHF+/zFb5U6Uv/P0Vl4QZo84/IcufzYalLuEj9928bXN9PbbFzMF0Q==}
    dependencies:
      path-expression-matcher: 1.5.0
      xml-naming: 0.1.0
    dev: false

  /fast-xml-parser@5.8.0:
    resolution: {integrity: sha512-6bIM7fsJxeo3uXv7OncQYsBAMPJ7V16Slahl/6M98C/i2q+vB1+4a0MtrvYwDFEUrwDSbAmeLDRXsOBwrL7yAg==}
    hasBin: true
    dependencies:
      '@nodable/entities': 2.1.0
      fast-xml-builder: 1.2.0
      path-expression-matcher: 1.5.0
      strnum: 2.3.0
      xml-naming: 0.1.0
    dev: false

  /flatbuffers@1.12.0:
    resolution: {integrity: sha512-c7CZADjRcl6j0PlvFy0ZqXQ67qSEZfrVPynmnL+2zPc+NtMvrF8Y0QceMo7QqnSPc7+uWjUIAbvCQ5WIKlMVdQ==}
    dev: false

  /follow-redirects@1.16.0:
    resolution: {integrity: sha512-y5rN/uOsadFT/JfYwhxRS5R7Qce+g3zG97+JrtFZlC9klX/W5hD7iiLzScI4nZqUS7DNUdhPgw4xI8W2LuXlUw==}
    engines: {node: '>=4.0'}
    peerDependencies:
      debug: '*'
    peerDependenciesMeta:
      debug:
        optional: true
    dev: false

  /form-data@4.0.5:
    resolution: {integrity: sha512-8RipRLol37bNs2bhoV67fiTEvdTrbMUYcFTiy3+wuuOnUog2QBHCZWXDRijWQfAkhBj2Uf5UnVaiWwA5vdd82w==}
    engines: {node: '>= 6'}
    dependencies:
      asynckit: 0.4.0
      combined-stream: 1.0.8
      es-set-tostringtag: 2.1.0
      hasown: 2.0.3
      mime-types: 2.1.35
    dev: false

  /fs-extra@8.1.0:
    resolution: {integrity: sha512-yhlQgA6mnOJUKOsRUFsgJdQCvkKhcz8tlZG5HBQfReYZy46OwLcY+Zia0mtdHsOo9y/hP+CxMN0TU9QxoOtG4g==}
    engines: {node: '>=6 <7 || >=8'}
    dependencies:
      graceful-fs: 4.2.11
      jsonfile: 4.0.0
      universalify: 0.1.2
    dev: false

  /function-bind@1.1.2:
    resolution: {integrity: sha512-7XHNxH7qX9xG5mIwxkhumTox/MIRNcOgDrxWsMt2pAr23WHp6MrRlN7FBSFpCpr+oVO0F744iUgR82nJMfG2SA==}
    dev: false

  /get-caller-file@2.0.5:
    resolution: {integrity: sha512-DyFP3BM/3YHTQOCUL/w0OZHR0lpKeGrxotcHWcqNEdnltqFwXVfhEBQ94eIo34AfQpo0rGki4cyIiftY06h2Fg==}
    engines: {node: 6.* || 8.* || >= 10.*}
    dev: false

  /get-east-asian-width@1.6.0:
    resolution: {integrity: sha512-QRbvDIbx6YklUe6RxeTeleMR0yv3cYH6PsPZHcnVn7xv7zO1BHN8r0XETu8n6Ye3Q+ahtSarc3WgtNWmehIBfA==}
    engines: {node: '>=18'}
    dev: false

  /get-intrinsic@1.3.0:
    resolution: {integrity: sha512-9fSjSaos/fRIVIp+xSJlE6lfwhES7LNtKaCBIamHsjr2na1BiABJPo0mOjjz8GJDURarmCPGqaiVg5mfjb98CQ==}
    engines: {node: '>= 0.4'}
    dependencies:
      call-bind-apply-helpers: 1.0.2
      es-define-property: 1.0.1
      es-errors: 1.3.0
      es-object-atoms: 1.1.1
      function-bind: 1.1.2
      get-proto: 1.0.1
      gopd: 1.2.0
      has-symbols: 1.1.0
      hasown: 2.0.3
      math-intrinsics: 1.1.0
    dev: false

  /get-proto@1.0.1:
    resolution: {integrity: sha512-sTSfBjoXBp89JvIKIefqw7U2CCebsc74kiY6awiGogKtoSGbgjYE/G/+l9sF3MWFPNc9IcoOC4ODfKHfxFmp0g==}
    engines: {node: '>= 0.4'}
    dependencies:
      dunder-proto: 1.0.1
      es-object-atoms: 1.1.1
    dev: false

  /gopd@1.2.0:
    resolution: {integrity: sha512-ZUKRh6/kUFoAiTAtTYPZJ3hw9wNxx+BIBOijnlG9PnrJsCcSjs1wyyD6vJpaYtgnzDrKYRSqf3OO6Rfa93xsRg==}
    engines: {node: '>= 0.4'}
    dev: false

  /graceful-fs@4.2.11:
    resolution: {integrity: sha512-RbJ5/jmFcNNCcDV5o9eTnBLJ/HszWV0P73bc+Ff4nS/rJj+YaS6IGyiOL0VoBYX+l1Wrl3k63h/KrH+nhJ0XvQ==}
    dev: false

  /has-symbols@1.1.0:
    resolution: {integrity: sha512-1cDNdwJ2Jaohmb3sg4OmKaMBwuC48sYni5HUw2DvsC8LjGTLK9h+eb1X6RyuOHe4hT0ULCW68iomhjUoKUqlPQ==}
    engines: {node: '>= 0.4'}
    dev: false

  /has-tostringtag@1.0.2:
    resolution: {integrity: sha512-NqADB8VjPFLM2V0VvHUewwwsw0ZWBaIdgo+ieHtK3hasLz4qeCRjYcqfB6AQrBggRKppKF8L52/VqdVsO47Dlw==}
    engines: {node: '>= 0.4'}
    dependencies:
      has-symbols: 1.1.0
    dev: false

  /hasown@2.0.3:
    resolution: {integrity: sha512-ej4AhfhfL2Q2zpMmLo7U1Uv9+PyhIZpgQLGT1F9miIGmiCJIoCgSmczFdrc97mWT4kVY72KA+WnnhJ5pghSvSg==}
    engines: {node: '>= 0.4'}
    dependencies:
      function-bind: 1.1.2
    dev: false

  /http-errors@2.0.0:
    resolution: {integrity: sha512-FtwrG/euBzaEjYeRqOgly7G0qviiXoJWnvEH2Z1plBdXgbyjv34pHTSb9zoeHMyDy33+DWy5Wt9Wo+TURtOYSQ==}
    engines: {node: '>= 0.8'}
    dependencies:
      depd: 2.0.0
      inherits: 2.0.4
      setprototypeof: 1.2.0
      statuses: 2.0.1
      toidentifier: 1.0.1
    dev: false

  /http-proxy-agent@7.0.2:
    resolution: {integrity: sha512-T1gkAiYYDWYx3V5Bmyu7HcfcvL7mUrTWiM6yOfa3PIphViJ/gFPbvidQ+veqSOHci/PxBcDabeUNCzpOODJZig==}
    engines: {node: '>= 14'}
    dependencies:
      agent-base: 7.1.4
      debug: 4.4.3
    transitivePeerDependencies:
      - supports-color
    dev: false

  /https-proxy-agent@5.0.1:
    resolution: {integrity: sha512-dFcAjpTQFgoLMzC2VwU+C/CbS7uRL0lWmxDITmqm7C+7F0Odmj6s9l6alZc6AELXhrnggM2CeWSXHGOdX2YtwA==}
    engines: {node: '>= 6'}
    dependencies:
      agent-base: 6.0.2
      debug: 4.4.3
    transitivePeerDependencies:
      - supports-color
    dev: false

  /https-proxy-agent@7.0.6:
    resolution: {integrity: sha512-vK9P5/iUfdl95AI+JVyUuIcVtd4ofvtrOr3HNtM2yxC9bnMbEdp3x01OhQNnjb8IJYi38VlTE3mBXwcfvywuSw==}
    engines: {node: '>= 14'}
    dependencies:
      agent-base: 7.1.4
      debug: 4.4.3
    transitivePeerDependencies:
      - supports-color
    dev: false

  /inherits@2.0.4:
    resolution: {integrity: sha512-k/vGaX4/Yla3WzyMCvTQOXYeIHvqOKtnqBduzTHpzpQZzAskKMhZ2K+EnBiSM9zGSoIFeMpXKxa4dYeZIQqewQ==}
    dev: false

  /is-fullwidth-code-point@3.0.0:
    resolution: {integrity: sha512-zymm5+u+sCsSWyD9qNaejV3DFvhCKclKdizYaJUuHA83RLjb7nSuGnddCHGv0hk+KY7BMAlsWeK4Ueg6EV6XQg==}
    engines: {node: '>=8'}
    dev: false

  /js-base64@3.7.8:
    resolution: {integrity: sha512-hNngCeKxIUQiEUN3GPJOkz4wF/YvdUdbNL9hsBcMQTkKzboD7T/q3OYOuuPZLUE6dBxSGpwhk5mwuDud7JVAow==}
    dev: false

  /json5@2.2.3:
    resolution: {integrity: sha512-XmOWe7eyHYH14cLdVPoyg+GOH3rYX++KpzrylJwSW98t3Nk+U8XOl8FWKOgwtzdb8lXGf6zYwDUzeHMWfxasyg==}
    engines: {node: '>=6'}
    hasBin: true
    dev: false

  /jsonfile@4.0.0:
    resolution: {integrity: sha512-m6F1R3z8jjlf2imQHS2Qez5sjKWQzbuuhuJ/FKYFRZvPE3PuHcSMVZzfsLhGVOkfd20obL5SWEBew5ShlquNxg==}
    optionalDependencies:
      graceful-fs: 4.2.11
    dev: false

  /linebreak@1.1.0:
    resolution: {integrity: sha512-MHp03UImeVhB7XZtjd0E4n6+3xr5Dq/9xI/5FptGk5FrbDR3zagPa2DS6U8ks/3HjbKWG9Q1M2ufOzxV2qLYSQ==}
    dependencies:
      base64-js: 0.0.8
      unicode-trie: 2.0.0
    dev: false

  /math-intrinsics@1.1.0:
    resolution: {integrity: sha512-/IXtbwEk5HTPyEwyKX6hGkYXxM9nbj64B+ilVJnC/R6B0pH5G4V3b0pVbL7DBj4tkhBAppbQUlf6F6Xl9LHu1g==}
    engines: {node: '>= 0.4'}
    dev: false

  /mime-db@1.52.0:
    resolution: {integrity: sha512-sPU4uV7dYlvtWJxwwxHD0PuihVNiE7TyAbQ5SWxDCB9mUYvOgroQOwYQQOKPJ8CIbE+1ETVlOoK1UC2nU3gYvg==}
    engines: {node: '>= 0.6'}
    dev: false

  /mime-types@2.1.35:
    resolution: {integrity: sha512-ZDY+bPm5zTTF+YpCrAU9nK0UgICYPT0QtT1NZWFv4s++TNkcgVaT0g6+4R2uI4MjQjzysHB1zxuWL50hzaeXiw==}
    engines: {node: '>= 0.6'}
    dependencies:
      mime-db: 1.52.0
    dev: false

  /ms@2.1.3:
    resolution: {integrity: sha512-6FlzubTLZG3J2a/NVCAleEhjzq5oxgHyaCU9yYXvcLsvoVaHJq/s5xXI6/XXP6tz7R9xAOtHnSO/tXtF3WRTlA==}
    dev: false

  /multiparty@4.3.0:
    resolution: {integrity: sha512-LD3YDFI9KrDoOGHsPM+hNraPDQQDPLe8Un/kvJfsZCsHKriA4mphg6Ctc2Cuup/59DtHMdAPm6ICXlUmhwTiug==}
    engines: {node: '>= 0.10'}
    dependencies:
      http-errors: 2.0.0
      safe-buffer: 5.2.1
      uid-safe: 2.1.5
    dev: false

  /pako@0.2.9:
    resolution: {integrity: sha512-NUcwaKxUxWrZLpDG+z/xZaCgQITkA/Dv4V/T6bw7VON6l1Xz/VnrBqrYjZQ12TamKHzITTfOEIYUj48y2KXImA==}
    dev: false

  /path-expression-matcher@1.5.0:
    resolution: {integrity: sha512-cbrerZV+6rvdQrrD+iGMcZFEiiSrbv9Tfdkvnusy6y0x0GKBXREFg/Y65GhIfm0tnLntThhzCnfKwp1WRjeCyQ==}
    engines: {node: '>=14.0.0'}
    dev: false

  /proxy-from-env@2.1.0:
    resolution: {integrity: sha512-cJ+oHTW1VAEa8cJslgmUZrc+sjRKgAKl3Zyse6+PV38hZe/V6Z14TbCuXcan9F9ghlz4QrFr2c92TNF82UkYHA==}
    engines: {node: '>=10'}
    dev: false

  /random-bytes@1.0.0:
    resolution: {integrity: sha512-iv7LhNVO047HzYR3InF6pUcUsPQiHTM1Qal51DcGSuZFBil1aBBWG5eHPNek7bvILMaYJ/8RU1e8w1AMdHmLQQ==}
    engines: {node: '>= 0.8'}
    dev: false

  /safe-buffer@5.2.1:
    resolution: {integrity: sha512-rp3So07KcdmmKbGvgaNxQSJr7bGVSVk5S9Eq1F+ppbRo70+YeaDxkw5Dd8NPN+GD6bjnYm2VuPuCXmpuYvmCXQ==}
    dev: false

  /semver@7.8.0:
    resolution: {integrity: sha512-AcM7dV/5ul4EekoQ29Agm5vri8JNqRyj39o0qpX6vDF2GZrtutZl5RwgD1XnZjiTAfncsJhMI48QQH3sN87YNA==}
    engines: {node: '>=10'}
    hasBin: true
    dev: false

  /setprototypeof@1.2.0:
    resolution: {integrity: sha512-E5LDX7Wrp85Kil5bhZv46j8jOeboKq5JMmYM3gVGdGH8xFpPWXUMsNrlODCrkoxMEeNi/XZIwuRvY4XNwYMJpw==}
    dev: false

  /statuses@2.0.1:
    resolution: {integrity: sha512-RwNA9Z/7PrK06rYLIzFMlaF+l73iwpzsqRIFgbMLbTcLD6cOao82TaWefPXQvB2fOC4AjuYSEndS7N/mTCbkdQ==}
    engines: {node: '>= 0.8'}
    dev: false

  /string-width@4.2.3:
    resolution: {integrity: sha512-wKyQRQpjJ0sIp62ErSZdGsjMJWsap5oRNihHhu6G7JVO/9jIB6UyevL+tXuOqrng8j/cxKTWyWUwvSTriiZz/g==}
    engines: {node: '>=8'}
    dependencies:
      emoji-regex: 8.0.0
      is-fullwidth-code-point: 3.0.0
      strip-ansi: 6.0.1
    dev: false

  /string-width@7.2.0:
    resolution: {integrity: sha512-tsaTIkKW9b4N+AEj+SVA+WhJzV7/zMhcSu78mLKWSk7cXMOSHsBKFWUs0fWwq8QyK3MgJBQRX6Gbi4kYbdvGkQ==}
    engines: {node: '>=18'}
    dependencies:
      emoji-regex: 10.6.0
      get-east-asian-width: 1.6.0
      strip-ansi: 7.2.0
    dev: false

  /strip-ansi@6.0.1:
    resolution: {integrity: sha512-Y38VPSHcqkFrCpFnQ9vuSXmquuv5oXOKpGeT6aGrr3o3Gc9AlVa6JBfUSOCnbxGGZF+/0ooI7KrPuUSztUdU5A==}
    engines: {node: '>=8'}
    dependencies:
      ansi-regex: 5.0.1
    dev: false

  /strip-ansi@7.2.0:
    resolution: {integrity: sha512-yDPMNjp4WyfYBkHnjIRLfca1i6KMyGCtsVgoKe/z1+6vukgaENdgGBZt+ZmKPc4gavvEZ5OgHfHdrazhgNyG7w==}
    engines: {node: '>=12'}
    dependencies:
      ansi-regex: 6.2.2
    dev: false

  /strnum@2.3.0:
    resolution: {integrity: sha512-ums3KNd42PGyx5xaoVTO1mjU1bH3NpY4vsrVlnv9PNGqQj8wd7rJ6nEypLrJ7z5vxK5RP0yMLo6J/Gsm62DI5Q==}
    dev: false

  /tiny-inflate@1.0.3:
    resolution: {integrity: sha512-pkY1fj1cKHb2seWDy0B16HeWyczlJA9/WW3u3c4z/NiWDsO3DOU5D7nhTLE9CF0yXv/QZFY7sEJmj24dK+Rrqw==}
    dev: false

  /toidentifier@1.0.1:
    resolution: {integrity: sha512-o5sSPKEkg/DIQNmH43V0/uerLrpzVedkUh8tGNvaeXpfpuwjKenlSox/2O/BTlZUtEe+JG7s5YhEz608PlAHRA==}
    engines: {node: '>=0.6'}
    dev: false

  /touch@3.1.1:
    resolution: {integrity: sha512-r0eojU4bI8MnHr8c5bNo7lJDdI2qXlWWJk6a9EAFG7vbhTjElYhBVS3/miuE0uOuoLdb8Mc/rVfsmm6eo5o9GA==}
    hasBin: true
    dev: false

  /tslib@2.8.1:
    resolution: {integrity: sha512-oJFu94HQb+KVduSUQL7wnpmqnfmLsOA/nAh6b6EH0wCEoK0/mPeXU6c3wKDV83MkOuHPRHtSXKKU99IBazS/2w==}
    dev: false

  /typescript@6.0.3:
    resolution: {integrity: sha512-y2TvuxSZPDyQakkFRPZHKFm+KKVqIisdg9/CZwm9ftvKXLP8NRWj38/ODjNbr43SsoXqNuAisEf1GdCxqWcdBw==}
    engines: {node: '>=14.17'}
    hasBin: true
    dev: true

  /uid-safe@2.1.5:
    resolution: {integrity: sha512-KPHm4VL5dDXKz01UuEd88Df+KzynaohSL9fBh096KWAxSKZQDI2uBrVqtvRM4rwrIrRRKsdLNML/lnaaVSRioA==}
    engines: {node: '>= 0.8'}
    dependencies:
      random-bytes: 1.0.0
    dev: false

  /undici-types@7.21.0:
    resolution: {integrity: sha512-w9IMgQrz4O0YN1LtB7K5P63vhlIOvC7opSmouCJ+ZywlPAlO9gIkJ+otk6LvGpAs2wg4econaCz3TvQ9xPoyuQ==}
    dev: true

  /unicode-trie@2.0.0:
    resolution: {integrity: sha512-x7bc76x0bm4prf1VLg79uhAzKw8DVboClSN5VxJuQ+LKDOVEW9CdH+VY7SP+vX7xCYQqzzgQpFqz15zeLvAtZQ==}
    dependencies:
      pako: 0.2.9
      tiny-inflate: 1.0.3
    dev: false

  /universalify@0.1.2:
    resolution: {integrity: sha512-rBJeI5CXAlmy1pV+617WB9J63U6XcazHHF2f2dbJix4XzpUF0RS3Zbj0FGIOCAva5P/d/GBOYaACQ1w+0azUkg==}
    engines: {node: '>= 4.0.0'}
    dev: false

  /wrap-ansi@9.0.2:
    resolution: {integrity: sha512-42AtmgqjV+X1VpdOfyTGOYRi0/zsoLqtXQckTmqTeybT+BDIbM/Guxo7x3pE2vtpr1ok6xRqM9OpBe+Jyoqyww==}
    engines: {node: '>=18'}
    dependencies:
      ansi-styles: 6.2.3
      string-width: 7.2.0
      strip-ansi: 7.2.0
    dev: false

  /ws@7.5.10:
    resolution: {integrity: sha512-+dbF1tHwZpXcbOJdVOkzLDxZP1ailvSxM6ZweXTegylPny803bFhA+vqBYw4s31NSAk4S2Qz+AKXK9a4wkdjcQ==}
    engines: {node: '>=8.3.0'}
    peerDependencies:
      bufferutil: ^4.0.1
      utf-8-validate: ^5.0.2
    peerDependenciesMeta:
      bufferutil:
        optional: true
      utf-8-validate:
        optional: true
    dev: false

  /xml-naming@0.1.0:
    resolution: {integrity: sha512-k8KO9hrMyNk6tUWqUfkTEZbezRRpONVOzUTnc97VnCvyj6Tf9lyUR9EDAIeiVLv56jsMcoXEwjW8Kv5yPY52lw==}
    engines: {node: '>=16.0.0'}
    dev: false

  /y18n@5.0.8:
    resolution: {integrity: sha512-0pfFzegeDWJHJIAmTLRP2DwHjdF5s7jo9tuztdQxAhINCdvS+3nGINqPd00AphqJR/0LhANUS6/+7SCb98YOfA==}
    engines: {node: '>=10'}
    dev: false

  /yargs-parser@22.0.0:
    resolution: {integrity: sha512-rwu/ClNdSMpkSrUb+d6BRsSkLUq1fmfsY6TOpYzTwvwkg1/NRG85KBy3kq++A8LKQwX6lsu+aWad+2khvuXrqw==}
    engines: {node: ^20.19.0 || ^22.12.0 || >=23}
    dev: false

  /yargs@18.0.0:
    resolution: {integrity: sha512-4UEqdc2RYGHZc7Doyqkrqiln3p9X2DZVxaGbwhn2pi7MrRagKaOcIKe8L3OxYcbhXLgLFUS3zAYuQjKBQgmuNg==}
    engines: {node: ^20.19.0 || ^22.12.0 || >=23}
    dependencies:
      cliui: 9.0.1
      escalade: 3.2.0
      get-caller-file: 2.0.5
      string-width: 7.2.0
      y18n: 5.0.8
      yargs-parser: 22.0.0
    dev: false
